
Microsoft Visual Studio Solution File, Format Version 12.00
# Visual Studio Version 16
VisualStudioVersion = 16.0.30517.126
MinimumVisualStudioVersion = 10.0.40219.1
Project("{FAE04EC0-301F-11D3-BF4B-00C04F79EFBC}") = "dashNew1", "dashNew1\dashNew1.csproj", "{BAF5B554-FDB5-4483-B729-F2E664B7AAFC}"
EndProject
Global
	GlobalSection(SolutionConfigurationPlatforms) = preSolution
		Debug|Any CPU = Debug|Any CPU
		Release|Any CPU = Release|Any CPU
	EndGlobalSection
	GlobalSection(ProjectConfigurationPlatforms) = postSolution
		{BAF5B554-FDB5-4483-B729-F2E664B7AAFC}.Debug|Any CPU.ActiveCfg = Debug|Any CPU
		{BAF5B554-FDB5-4483-B729-F2E664B7AAFC}.Debug|Any CPU.Build.0 = Debug|Any CPU
		{BAF5B554-FDB5-4483-B729-F2E664B7AAFC}.Release|Any CPU.ActiveCfg = Release|Any CPU
		{BAF5B554-FDB5-4483-B729-F2E664B7AAFC}.Release|Any CPU.Build.0 = Release|Any CPU
	EndGlobalSection
	GlobalSection(SolutionProperties) = preSolution
		HideSolutionNode = FALSE
	EndGlobalSection
	GlobalSection(ExtensibilityGlobals) = postSolution
		SolutionGuid = {C764ADAB-F5BC-4FE2-BF7D-CE5E1B4565D3}
	EndGlobalSection
EndGlobal
